<?xml version="1.0" encoding="UTF-8" standalone="yes" ?>
<CodeBlocks_project_file>
	<FileVersion major="1" minor="6" />
	<Project>
		<Option title="Kilimandjaro" />
		<Option pch_mode="2" />
		<Option compiler="gcc" />
		<Build>
			<Target title="Debug">
				<Option output="bin/Debug/Kilimandjaro" prefix_auto="1" extension_auto="1" />
				<Option object_output="obj/Debug/" />
				<Option type="1" />
				<Option compiler="gcc" />
				<Compiler>
					<Add option="-Wall" />
					<Add option="-g" />
				</Compiler>
			</Target>
			<Target title="Release">
				<Option output="bin/Release/Kilimandjaro" prefix_auto="1" extension_auto="1" />
				<Option object_output="obj/Release/" />
				<Option type="1" />
				<Option compiler="gcc" />
				<Compiler>
					<Add option="-O2" />
				</Compiler>
				<Linker>
					<Add option="-s" />
				</Linker>
			</Target>
		</Build>
		<Compiler>
			<Add option="-Wall" />
			<Add option="`pkg-config --cflags gtk+-2.0` `pkg-config --cflags gtkglext-1.0`" />
		</Compiler>
		<Linker>
			<Add option="`pkg-config --libs gtk+-2.0` `pkg-config --libs gtkglext-1.0` -lm" />
			<Add library="freeimage" />
		</Linker>
		<Unit filename="Default.rvp" />
		<Unit filename="Default.tcp" />
		<Unit filename="High-Res Mountains.rvp" />
		<Unit filename="Lagoon.tcp" />
		<Unit filename="Low-Res Mountains.rvp" />
		<Unit filename="../generator/3dview.c">
			<Option compilerVar="CC" />
		</Unit>
		<Unit filename="../generator/3dview.h" />
		<Unit filename="../generator/terrain.c">
			<Option compilerVar="CC" />
		</Unit>
		<Unit filename="../generator/terrain.h" />
		<Unit filename="../kilimandjaro.c">
			<Option compilerVar="CC" />
		</Unit>
		<Unit filename="../kilimandjaro.h" />
		<Unit filename="../profiles/rv_profile.c">
			<Option compilerVar="CC" />
		</Unit>
		<Unit filename="../profiles/rv_profile.h" />
		<Unit filename="../profiles/tc_profile.c">
			<Option compilerVar="CC" />
		</Unit>
		<Unit filename="../profiles/tc_profile.h" />
		<Extensions>
			<envvars />
			<code_completion>
				<search_path add="/usr/include/" />
				<search_path add="../../Micro-projet C" />
				<search_path add="../generator" />
				<search_path add="../profiles" />
			</code_completion>
			<AutoVersioning>
				<Scheme minor_max="10" build_max="0" rev_max="0" rev_rand_max="10" build_times_to_increment_minor="100" />
				<Settings autoincrement="1" date_declarations="1" do_auto_increment="0" ask_to_increment="0" language="C++" svn="0" svn_directory="" header_path="version.h" />
				<Changes_Log show_changes_editor="0" app_title="released version %M.%m.%b of %p" changeslog_path="ChangesLog.txt" />
			</AutoVersioning>
			<debugger />
		</Extensions>
	</Project>
</CodeBlocks_project_file>
